
Microsoft Visual Studio Solution File, Format Version 12.00
# Visual Studio Version 17
VisualStudioVersion = 17.2.32616.157
MinimumVisualStudioVersion = 10.0.40219.1
Project("{FAE04EC0-301F-11D3-BF4B-00C04F79EFBC}") = "EjemploDetalle2022-02", "EjemploDetalle2022-02.csproj", "{FD692644-7855-490C-870F-F784182DEB4F}"
EndProject
Global
	GlobalSection(SolutionConfigurationPlatforms) = preSolution
		Debug|Any CPU = Debug|Any CPU
		Release|Any CPU = Release|Any CPU
	EndGlobalSection
	GlobalSection(ProjectConfigurationPlatforms) = postSolution
		{FD692644-7855-490C-870F-F784182DEB4F}.Debug|Any CPU.ActiveCfg = Debug|Any CPU
		{FD692644-7855-490C-870F-F784182DEB4F}.Debug|Any CPU.Build.0 = Debug|Any CPU
		{FD692644-7855-490C-870F-F784182DEB4F}.Release|Any CPU.ActiveCfg = Release|Any CPU
		{FD692644-7855-490C-870F-F784182DEB4F}.Release|Any CPU.Build.0 = Release|Any CPU
	EndGlobalSection
	GlobalSection(SolutionProperties) = preSolution
		HideSolutionNode = FALSE
	EndGlobalSection
	GlobalSection(ExtensibilityGlobals) = postSolution
		SolutionGuid = {BD9F4B6A-3A7A-4652-B67C-666D240ECE09}
	EndGlobalSection
EndGlobal
